
Microsoft Visual Studio Solution File, Format Version 12.00
# Visual Studio Version 17
VisualStudioVersion = 17.0.31903.59
MinimumVisualStudioVersion = 10.0.40219.1
Project("{FAE04EC0-301F-11D3-BF4B-00C04F79EFBC}") = "Rescauta.Domain", "Rescauta.Domain\Rescauta.Domain.csproj", "{5E35A666-578B-414B-B30B-73010951D046}"
EndProject
Project("{FAE04EC0-301F-11D3-BF4B-00C04F79EFBC}") = "Rescauta.Application", "Rescauta.Application\Rescauta.Application.csproj", "{7BD607DC-B9F5-43A2-8EDC-FCC1B0274DCD}"
EndProject
Project("{FAE04EC0-301F-11D3-BF4B-00C04F79EFBC}") = "Rescauta.Infrastructure", "Rescauta.Infrastructure\Rescauta.Infrastructure.csproj", "{A5BD9898-500A-4B73-B991-0840170A014B}"
EndProject
Project("{FAE04EC0-301F-11D3-BF4B-00C04F79EFBC}") = "Rescauta.Api", "Rescauta.Api\Rescauta.Api.csproj", "{FF955F51-395E-4202-95B7-69BA7DBF0130}"
EndProject
Global
	GlobalSection(SolutionConfigurationPlatforms) = preSolution
		Debug|Any CPU = Debug|Any CPU
		Debug|x64 = Debug|x64
		Debug|x86 = Debug|x86
		Release|Any CPU = Release|Any CPU
		Release|x64 = Release|x64
		Release|x86 = Release|x86
	EndGlobalSection
	GlobalSection(ProjectConfigurationPlatforms) = postSolution
		{5E35A666-578B-414B-B30B-73010951D046}.Debug|Any CPU.ActiveCfg = Debug|Any CPU
		{5E35A666-578B-414B-B30B-73010951D046}.Debug|Any CPU.Build.0 = Debug|Any CPU
		{5E35A666-578B-414B-B30B-73010951D046}.Debug|x64.ActiveCfg = Debug|Any CPU
		{5E35A666-578B-414B-B30B-73010951D046}.Debug|x64.Build.0 = Debug|Any CPU
		{5E35A666-578B-414B-B30B-73010951D046}.Debug|x86.ActiveCfg = Debug|Any CPU
		{5E35A666-578B-414B-B30B-73010951D046}.Debug|x86.Build.0 = Debug|Any CPU
		{5E35A666-578B-414B-B30B-73010951D046}.Release|Any CPU.ActiveCfg = Release|Any CPU
		{5E35A666-578B-414B-B30B-73010951D046}.Release|Any CPU.Build.0 = Release|Any CPU
		{5E35A666-578B-414B-B30B-73010951D046}.Release|x64.ActiveCfg = Release|Any CPU
		{5E35A666-578B-414B-B30B-73010951D046}.Release|x64.Build.0 = Release|Any CPU
		{5E35A666-578B-414B-B30B-73010951D046}.Release|x86.ActiveCfg = Release|Any CPU
		{5E35A666-578B-414B-B30B-73010951D046}.Release|x86.Build.0 = Release|Any CPU
		{7BD607DC-B9F5-43A2-8EDC-FCC1B0274DCD}.Debug|Any CPU.ActiveCfg = Debug|Any CPU
		{7BD607DC-B9F5-43A2-8EDC-FCC1B0274DCD}.Debug|Any CPU.Build.0 = Debug|Any CPU
		{7BD607DC-B9F5-43A2-8EDC-FCC1B0274DCD}.Debug|x64.ActiveCfg = Debug|Any CPU
		{7BD607DC-B9F5-43A2-8EDC-FCC1B0274DCD}.Debug|x64.Build.0 = Debug|Any CPU
		{7BD607DC-B9F5-43A2-8EDC-FCC1B0274DCD}.Debug|x86.ActiveCfg = Debug|Any CPU
		{7BD607DC-B9F5-43A2-8EDC-FCC1B0274DCD}.Debug|x86.Build.0 = Debug|Any CPU
		{7BD607DC-B9F5-43A2-8EDC-FCC1B0274DCD}.Release|Any CPU.ActiveCfg = Release|Any CPU
		{7BD607DC-B9F5-43A2-8EDC-FCC1B0274DCD}.Release|Any CPU.Build.0 = Release|Any CPU
		{7BD607DC-B9F5-43A2-8EDC-FCC1B0274DCD}.Release|x64.ActiveCfg = Release|Any CPU
		{7BD607DC-B9F5-43A2-8EDC-FCC1B0274DCD}.Release|x64.Build.0 = Release|Any CPU
		{7BD607DC-B9F5-43A2-8EDC-FCC1B0274DCD}.Release|x86.ActiveCfg = Release|Any CPU
		{7BD607DC-B9F5-43A2-8EDC-FCC1B0274DCD}.Release|x86.Build.0 = Release|Any CPU
		{A5BD9898-500A-4B73-B991-0840170A014B}.Debug|Any CPU.ActiveCfg = Debug|Any CPU
		{A5BD9898-500A-4B73-B991-0840170A014B}.Debug|Any CPU.Build.0 = Debug|Any CPU
		{A5BD9898-500A-4B73-B991-0840170A014B}.Debug|x64.ActiveCfg = Debug|Any CPU
		{A5BD9898-500A-4B73-B991-0840170A014B}.Debug|x64.Build.0 = Debug|Any CPU
		{A5BD9898-500A-4B73-B991-0840170A014B}.Debug|x86.ActiveCfg = Debug|Any CPU
		{A5BD9898-500A-4B73-B991-0840170A014B}.Debug|x86.Build.0 = Debug|Any CPU
		{A5BD9898-500A-4B73-B991-0840170A014B}.Release|Any CPU.ActiveCfg = Release|Any CPU
		{A5BD9898-500A-4B73-B991-0840170A014B}.Release|Any CPU.Build.0 = Release|Any CPU
		{A5BD9898-500A-4B73-B991-0840170A014B}.Release|x64.ActiveCfg = Release|Any CPU
		{A5BD9898-500A-4B73-B991-0840170A014B}.Release|x64.Build.0 = Release|Any CPU
		{A5BD9898-500A-4B73-B991-0840170A014B}.Release|x86.ActiveCfg = Release|Any CPU
		{A5BD9898-500A-4B73-B991-0840170A014B}.Release|x86.Build.0 = Release|Any CPU
		{FF955F51-395E-4202-95B7-69BA7DBF0130}.Debug|Any CPU.ActiveCfg = Debug|Any CPU
		{FF955F51-395E-4202-95B7-69BA7DBF0130}.Debug|Any CPU.Build.0 = Debug|Any CPU
		{FF955F51-395E-4202-95B7-69BA7DBF0130}.Debug|x64.ActiveCfg = Debug|Any CPU
		{FF955F51-395E-4202-95B7-69BA7DBF0130}.Debug|x64.Build.0 = Debug|Any CPU
		{FF955F51-395E-4202-95B7-69BA7DBF0130}.Debug|x86.ActiveCfg = Debug|Any CPU
		{FF955F51-395E-4202-95B7-69BA7DBF0130}.Debug|x86.Build.0 = Debug|Any CPU
		{FF955F51-395E-4202-95B7-69BA7DBF0130}.Release|Any CPU.ActiveCfg = Release|Any CPU
		{FF955F51-395E-4202-95B7-69BA7DBF0130}.Release|Any CPU.Build.0 = Release|Any CPU
		{FF955F51-395E-4202-95B7-69BA7DBF0130}.Release|x64.ActiveCfg = Release|Any CPU
		{FF955F51-395E-4202-95B7-69BA7DBF0130}.Release|x64.Build.0 = Release|Any CPU
		{FF955F51-395E-4202-95B7-69BA7DBF0130}.Release|x86.ActiveCfg = Release|Any CPU
		{FF955F51-395E-4202-95B7-69BA7DBF0130}.Release|x86.Build.0 = Release|Any CPU
	EndGlobalSection
	GlobalSection(SolutionProperties) = preSolution
		HideSolutionNode = FALSE
	EndGlobalSection
EndGlobal
